// !$*UTF8*$!
{
	archiveVersion = 1;
	classes = {
	};
	objectVersion = 50;
	objects = {

/* Begin PBXBuildFile section */
		849BE2D5226DE185008696BA /* AppDelegate.swift in Sources */ = {isa = PBXBuildFile; fileRef = 849BE2D4226DE185008696BA /* AppDelegate.swift */; };
		849BE2D7226DE185008696BA /* ViewController.swift in Sources */ = {isa = PBXBuildFile; fileRef = 849BE2D6226DE185008696BA /* ViewController.swift */; };
		849BE2DA226DE185008696BA /* Main.storyboard in Resources */ = {isa = PBXBuildFile; fileRef = 849BE2D8226DE185008696BA /* Main.storyboard */; };
		849BE2DC226DE186008696BA /* Assets.xcassets in Resources */ = {isa = PBXBuildFile; fileRef = 849BE2DB226DE186008696BA /* Assets.xcassets */; };
		849BE2DF226DE186008696BA /* LaunchScreen.storyboard in Resources */ = {isa = PBXBuildFile; fileRef = 849BE2DD226DE186008696BA /* LaunchScreen.storyboard */; };
		849BE2F5226DE193008696BA /* ModalViewController.swift in Sources */ = {isa = PBXBuildFile; fileRef = 849BE2F4226DE193008696BA /* ModalViewController.swift */; };
		849BE2F8226DF259008696BA /* InteractiveDismissing.swift in Sources */ = {isa = PBXBuildFile; fileRef = 849BE2F7226DF259008696BA /* InteractiveDismissing.swift */; };
		849BE2FA226DF56A008696BA /* README.md in Resources */ = {isa = PBXBuildFile; fileRef = 849BE2F9226DF56A008696BA /* README.md */; };
/* End PBXBuildFile section */

/* Begin PBXFileReference section */
		849BE2D1226DE185008696BA /* TestTransitions.app */ = {isa = PBXFileReference; explicitFileType = wrapper.application; includeInIndex = 0; path = TestTransitions.app; sourceTree = BUILT_PRODUCTS_DIR; };
		849BE2D4226DE185008696BA /* AppDelegate.swift */ = {isa = PBXFileReference; lastKnownFileType = sourcecode.swift; path = AppDelegate.swift; sourceTree = "<group>"; };
		849BE2D6226DE185008696BA /* ViewController.swift */ = {isa = PBXFileReference; lastKnownFileType = sourcecode.swift; path = ViewController.swift; sourceTree = "<group>"; };
		849BE2D9226DE185008696BA /* Base */ = {isa = PBXFileReference; lastKnownFileType = file.storyboard; name = Base; path = Base.lproj/Main.storyboard; sourceTree = "<group>"; };
		849BE2DB226DE186008696BA /* Assets.xcassets */ = {isa = PBXFileReference; lastKnownFileType = folder.assetcatalog; path = Assets.xcassets; sourceTree = "<group>"; };
		849BE2DE226DE186008696BA /* Base */ = {isa = PBXFileReference; lastKnownFileType = file.storyboard; name = Base; path = Base.lproj/LaunchScreen.storyboard; sourceTree = "<group>"; };
		849BE2E0226DE186008696BA /* Info.plist */ = {isa = PBXFileReference; lastKnownFileType = text.plist.xml; path = Info.plist; sourceTree = "<group>"; };
		849BE2F4226DE193008696BA /* ModalViewController.swift */ = {isa = PBXFileReference; lastKnownFileType = sourcecode.swift; path = ModalViewController.swift; sourceTree = "<group>"; };
		849BE2F7226DF259008696BA /* InteractiveDismissing.swift */ = {isa = PBXFileReference; lastKnownFileType = sourcecode.swift; path = InteractiveDismissing.swift; sourceTree = "<group>"; };
		849BE2F9226DF56A008696BA /* README.md */ = {isa = PBXFileReference; fileEncoding = 4; lastKnownFileType = net.daringfireball.markdown; path = README.md; sourceTree = "<group>"; };
/* End PBXFileReference section */

/* Begin PBXFrameworksBuildPhase section */
		849BE2CE226DE185008696BA /* Frameworks */ = {
			isa = PBXFrameworksBuildPhase;
			buildActionMask = 2147483647;
			files = (
			);
			runOnlyForDeploymentPostprocessing = 0;
		};
/* End PBXFrameworksBuildPhase section */

/* Begin PBXGroup section */
		849BE2C8226DE185008696BA = {
			isa = PBXGroup;
			children = (
				849BE2F9226DF56A008696BA /* README.md */,
				849BE2D3226DE185008696BA /* TestTransitions */,
				849BE2D2226DE185008696BA /* Products */,
			);
			sourceTree = "<group>";
		};
		849BE2D2226DE185008696BA /* Products */ = {
			isa = PBXGroup;
			children = (
				849BE2D1226DE185008696BA /* TestTransitions.app */,
			);
			name = Products;
			sourceTree = "<group>";
		};
		849BE2D3226DE185008696BA /* TestTransitions */ = {
			isa = PBXGroup;
			children = (
				849BE2D4226DE185008696BA /* AppDelegate.swift */,
				849BE2D6226DE185008696BA /* ViewController.swift */,
				849BE2F4226DE193008696BA /* ModalViewController.swift */,
				849BE2F7226DF259008696BA /* InteractiveDismissing.swift */,
				849BE2D8226DE185008696BA /* Main.storyboard */,
				849BE2DB226DE186008696BA /* Assets.xcassets */,
				849BE2DD226DE186008696BA /* LaunchScreen.storyboard */,
				849BE2E0226DE186008696BA /* Info.plist */,
			);
			path = TestTransitions;
			sourceTree = "<group>";
		};
/* End PBXGroup section */

/* Begin PBXNativeTarget section */
		849BE2D0226DE185008696BA /* TestTransitions */ = {
			isa = PBXNativeTarget;
			buildConfigurationList = 849BE2EE226DE186008696BA /* Build configuration list for PBXNativeTarget "TestTransitions" */;
			buildPhases = (
				849BE2CD226DE185008696BA /* Sources */,
				849BE2CE226DE185008696BA /* Frameworks */,
				849BE2CF226DE185008696BA /* Resources */,
			);
			buildRules = (
			);
			dependencies = (
			);
			name = TestTransitions;
			productName = TestTransitions;
			productReference = 849BE2D1226DE185008696BA /* TestTransitions.app */;
			productType = "com.apple.product-type.application";
		};
/* End PBXNativeTarget section */

/* Begin PBXProject section */
		849BE2C9226DE185008696BA /* Project object */ = {
			isa = PBXProject;
			attributes = {
				LastSwiftUpdateCheck = 1020;
				LastUpgradeCheck = 1020;
				ORGANIZATIONNAME = "Eugene Braginets";
				TargetAttributes = {
					849BE2D0226DE185008696BA = {
						CreatedOnToolsVersion = 10.2.1;
					};
				};
			};
			buildConfigurationList = 849BE2CC226DE185008696BA /* Build configuration list for PBXProject "TestTransitions" */;
			compatibilityVersion = "Xcode 9.3";
			developmentRegion = en;
			hasScannedForEncodings = 0;
			knownRegions = (
				en,
				Base,
			);
			mainGroup = 849BE2C8226DE185008696BA;
			productRefGroup = 849BE2D2226DE185008696BA /* Products */;
			projectDirPath = "";
			projectRoot = "";
			targets = (
				849BE2D0226DE185008696BA /* TestTransitions */,
			);
		};
/* End PBXProject section */

/* Begin PBXResourcesBuildPhase section */
		849BE2CF226DE185008696BA /* Resources */ = {
			isa = PBXResourcesBuildPhase;
			buildActionMask = 2147483647;
			files = (
				849BE2DF226DE186008696BA /* LaunchScreen.storyboard in Resources */,
				849BE2DC226DE186008696BA /* Assets.xcassets in Resources */,
				849BE2FA226DF56A008696BA /* README.md in Resources */,
				849BE2DA226DE185008696BA /* Main.storyboard in Resources */,
			);
			runOnlyForDeploymentPostprocessing = 0;
		};
/* End PBXResourcesBuildPhase section */

/* Begin PBXSourcesBuildPhase section */
		849BE2CD226DE185008696BA /* Sources */ = {
			isa = PBXSourcesBuildPhase;
			buildActionMask = 2147483647;
			files = (
				849BE2D7226DE185008696BA /* ViewController.swift in Sources */,
				849BE2F5226DE193008696BA /* ModalViewController.swift in Sources */,
				849BE2F8226DF259008696BA /* InteractiveDismissing.swift in Sources */,
				849BE2D5226DE185008696BA /* AppDelegate.swift in Sources */,
			);
			runOnlyForDeploymentPostprocessing = 0;
		};
/* End PBXSourcesBuildPhase section */

/* Begin PBXVariantGroup section */
		849BE2D8226DE185008696BA /* Main.storyboard */ = {
			isa = PBXVariantGroup;
			children = (
				849BE2D9226DE185008696BA /* Base */,
			);
			name = Main.storyboard;
			sourceTree = "<group>";
		};
		849BE2DD226DE186008696BA /* LaunchScreen.storyboard */ = {
			isa = PBXVariantGroup;
			children = (
				849BE2DE226DE186008696BA /* Base */,
			);
			name = LaunchScreen.storyboard;
			sourceTree = "<group>";
		};
/* End PBXVariantGroup section */

/* Begin XCBuildConfiguration section */
		849BE2EC226DE186008696BA /* Debug */ = {
			isa = XCBuildConfiguration;
			buildSettings = {
				ALWAYS_SEARCH_USER_PATHS = NO;
				CLANG_ANALYZER_NONNULL = YES;
				CLANG_ANALYZER_NUMBER_OBJECT_CONVERSION = YES_AGGRESSIVE;
				CLANG_CXX_LANGUAGE_STANDARD = "gnu++14";
				CLANG_CXX_LIBRARY = "libc++";
				CLANG_ENABLE_MODULES = YES;
				CLANG_ENABLE_OBJC_ARC = YES;
				CLANG_ENABLE_OBJC_WEAK = YES;
				CLANG_WARN_BLOCK_CAPTURE_AUTORELEASING = YES;
				CLANG_WARN_BOOL_CONVERSION = YES;
				CLANG_WARN_COMMA = YES;
				CLANG_WARN_CONSTANT_CONVERSION = YES;
				CLANG_WARN_DEPRECATED_OBJC_IMPLEMENTATIONS = YES;
				CLANG_WARN_DIRECT_OBJC_ISA_USAGE = YES_ERROR;
				CLANG_WARN_DOCUMENTATION_COMMENTS = YES;
				CLANG_WARN_EMPTY_BODY = YES;
				CLANG_WARN_ENUM_CONVERSION = YES;
				CLANG_WARN_INFINITE_RECURSION = YES;
				CLANG_WARN_INT_CONVERSION = YES;
				CLANG_WARN_NON_LITERAL_NULL_CONVERSION = YES;
				CLANG_WARN_OBJC_IMPLICIT_RETAIN_SELF = YES;
				CLANG_WARN_OBJC_LITERAL_CONVERSION = YES;
				CLANG_WARN_OBJC_ROOT_CLASS = YES_ERROR;
				CLANG_WARN_RANGE_LOOP_ANALYSIS = YES;
				CLANG_WARN_STRICT_PROTOTYPES = YES;
				CLANG_WARN_SUSPICIOUS_MOVE = YES;
				CLANG_WARN_UNGUARDED_AVAILABILITY = YES_AGGRESSIVE;
				CLANG_WARN_UNREACHABLE_CODE = YES;
				CLANG_WARN__DUPLICATE_METHOD_MATCH = YES;
				CODE_SIGN_IDENTITY = "iPhone Developer";
				COPY_PHASE_STRIP = NO;
				DEBUG_INFORMATION_FORMAT = dwarf;
				ENABLE_STRICT_OBJC_MSGSEND = YES;
				ENABLE_TESTABILITY = YES;
				GCC_C_LANGUAGE_STANDARD = gnu11;
				GCC_DYNAMIC_NO_PIC = NO;
				GCC_NO_COMMON_BLOCKS = YES;
				GCC_OPTIMIZATION_LEVEL = 0;
				GCC_PREPROCESSOR_DEFINITIONS = (
					"DEBUG=1",
					"$(inherited)",
				);
				GCC_WARN_64_TO_32_BIT_CONVERSION = YES;
				GCC_WARN_ABOUT_RETURN_TYPE = YES_ERROR;
				GCC_WARN_UNDECLARED_SELECTOR = YES;
				GCC_WARN_UNINITIALIZED_AUTOS = YES_AGGRESSIVE;
				GCC_WARN_UNUSED_FUNCTION = YES;
				GCC_WARN_UNUSED_VARIABLE = YES;
				IPHONEOS_DEPLOYMENT_TARGET = 12.2;
				MTL_ENABLE_DEBUG_INFO = INCLUDE_SOURCE;
				MTL_FAST_MATH = YES;
				ONLY_ACTIVE_ARCH = YES;
				SDKROOT = iphoneos;
				SWIFT_ACTIVE_COMPILATION_CONDITIONS = DEBUG;
				SWIFT_OPTIMIZATION_LEVEL = "-Onone";
			};
			name = Debug;
		};
		849BE2ED226DE186008696BA /* Release */ = {
			isa = XCBuildConfiguration;
			buildSettings = {
				ALWAYS_SEARCH_USER_PATHS = NO;
				CLANG_ANALYZER_NONNULL = YES;
				CLANG_ANALYZER_NUMBER_OBJECT_CONVERSION = YES_AGGRESSIVE;
				CLANG_CXX_LANGUAGE_STANDARD = "gnu++14";
				CLANG_CXX_LIBRARY = "libc++";
				CLANG_ENABLE_MODULES = YES;
				CLANG_ENABLE_OBJC_ARC = YES;
				CLANG_ENABLE_OBJC_WEAK = YES;
				CLANG_WARN_BLOCK_CAPTURE_AUTORELEASING = YES;
				CLANG_WARN_BOOL_CONVERSION = YES;
				CLANG_WARN_COMMA = YES;
				CLANG_WARN_CONSTANT_CONVERSION = YES;
				CLANG_WARN_DEPRECATED_OBJC_IMPLEMENTATIONS = YES;
				CLANG_WARN_DIRECT_OBJC_ISA_USAGE = YES_ERROR;
				CLANG_WARN_DOCUMENTATION_COMMENTS = YES;
				CLANG_WARN_EMPTY_BODY = YES;
				CLANG_WARN_ENUM_CONVERSION = YES;
				CLANG_WARN_INFINITE_RECURSION = YES;
				CLANG_WARN_INT_CONVERSION = YES;
				CLANG_WARN_NON_LITERAL_NULL_CONVERSION = YES;
				CLANG_WARN_OBJC_IMPLICIT_RETAIN_SELF = YES;
				CLANG_WARN_OBJC_LITERAL_CONVERSION = YES;
				CLANG_WARN_OBJC_ROOT_CLASS = YES_ERROR;
				CLANG_WARN_RANGE_LOOP_ANALYSIS = YES;
				CLANG_WARN_STRICT_PROTOTYPES = YES;
				CLANG_WARN_SUSPICIOUS_MOVE = YES;
				CLANG_WARN_UNGUARDED_AVAILABILITY = YES_AGGRESSIVE;
				CLANG_WARN_UNREACHABLE_CODE = YES;
				CLANG_WARN__DUPLICATE_METHOD_MATCH = YES;
				CODE_SIGN_IDENTITY = "iPhone Developer";
				COPY_PHASE_STRIP = NO;
				DEBUG_INFORMATION_FORMAT = "dwarf-with-dsym";
				ENABLE_NS_ASSERTIONS = NO;
				ENABLE_STRICT_OBJC_MSGSEND = YES;
				GCC_C_LANGUAGE_STANDARD = gnu11;
				GCC_NO_COMMON_BLOCKS = YES;
				GCC_WARN_64_TO_32_BIT_CONVERSION = YES;
				GCC_WARN_ABOUT_RETURN_TYPE = YES_ERROR;
				GCC_WARN_UNDECLARED_SELECTOR = YES;
				GCC_WARN_UNINITIALIZED_AUTOS = YES_AGGRESSIVE;
				GCC_WARN_UNUSED_FUNCTION = YES;
				GCC_WARN_UNUSED_VARIABLE = YES;
				IPHONEOS_DEPLOYMENT_TARGET = 12.2;
				MTL_ENABLE_DEBUG_INFO = NO;
				MTL_FAST_MATH = YES;
				SDKROOT = iphoneos;
				SWIFT_COMPILATION_MODE = wholemodule;
				SWIFT_OPTIMIZATION_LEVEL = "-O";
				VALIDATE_PRODUCT = YES;
			};
			name = Release;
		};
		849BE2EF226DE186008696BA /* Debug */ = {
			isa = XCBuildConfiguration;
			buildSettings = {
				ASSETCATALOG_COMPILER_APPICON_NAME = AppIcon;
				CODE_SIGN_STYLE = Automatic;
				DEVELOPMENT_TEAM = 3U3VWQT98D;
				INFOPLIST_FILE = TestTransitions/Info.plist;
				LD_RUNPATH_SEARCH_PATHS = (
					"$(inherited)",
					"@executable_path/Frameworks",
				);
				PRODUCT_BUNDLE_IDENTIFIER = com.deltaapz.TestTransitions;
				PRODUCT_NAME = "$(TARGET_NAME)";
				SWIFT_VERSION = 5.0;
				TARGETED_DEVICE_FAMILY = "1,2";
			};
			name = Debug;
		};
		849BE2F0226DE186008696BA /* Release */ = {
			isa = XCBuildConfiguration;
			buildSettings = {
				ASSETCATALOG_COMPILER_APPICON_NAME = AppIcon;
				CODE_SIGN_STYLE = Automatic;
				DEVELOPMENT_TEAM = 3U3VWQT98D;
				INFOPLIST_FILE = TestTransitions/Info.plist;
				LD_RUNPATH_SEARCH_PATHS = (
					"$(inherited)",
					"@executable_path/Frameworks",
				);
				PRODUCT_BUNDLE_IDENTIFIER = com.deltaapz.TestTransitions;
				PRODUCT_NAME = "$(TARGET_NAME)";
				SWIFT_VERSION = 5.0;
				TARGETED_DEVICE_FAMILY = "1,2";
			};
			name = Release;
		};
/* End XCBuildConfiguration section */

/* Begin XCConfigurationList section */
		849BE2CC226DE185008696BA /* Build configuration list for PBXProject "TestTransitions" */ = {
			isa = XCConfigurationList;
			buildConfigurations = (
				849BE2EC226DE186008696BA /* Debug */,
				849BE2ED226DE186008696BA /* Release */,
			);
			defaultConfigurationIsVisible = 0;
			defaultConfigurationName = Release;
		};
		849BE2EE226DE186008696BA /* Build configuration list for PBXNativeTarget "TestTransitions" */ = {
			isa = XCConfigurationList;
			buildConfigurations = (
				849BE2EF226DE186008696BA /* Debug */,
				849BE2F0226DE186008696BA /* Release */,
			);
			defaultConfigurationIsVisible = 0;
			defaultConfigurationName = Release;
		};
/* End XCConfigurationList section */
	};
	rootObject = 849BE2C9226DE185008696BA /* Project object */;
}
